
Microsoft Visual Studio Solution File, Format Version 12.00
# Visual Studio Express 2013 for Web
VisualStudioVersion = 12.0.40629.0
MinimumVisualStudioVersion = 10.0.40219.1
Project("{FAE04EC0-301F-11D3-BF4B-00C04F79EFBC}") = "Website", "Website\Website.csproj", "{23D21826-542A-4AF6-831A-FAE19623C94F}"
EndProject
Project("{FAE04EC0-301F-11D3-BF4B-00C04F79EFBC}") = "Website.Tests", "Website.Tests\Website.Tests.csproj", "{19060433-C55F-42E1-A744-2C86EABB25D1}"
EndProject
Global
	GlobalSection(SolutionConfigurationPlatforms) = preSolution
		Debug|Any CPU = Debug|Any CPU
		Release|Any CPU = Release|Any CPU
	EndGlobalSection
	GlobalSection(ProjectConfigurationPlatforms) = postSolution
		{23D21826-542A-4AF6-831A-FAE19623C94F}.Debug|Any CPU.ActiveCfg = Debug|Any CPU
		{23D21826-542A-4AF6-831A-FAE19623C94F}.Debug|Any CPU.Build.0 = Debug|Any CPU
		{23D21826-542A-4AF6-831A-FAE19623C94F}.Release|Any CPU.ActiveCfg = Release|Any CPU
		{23D21826-542A-4AF6-831A-FAE19623C94F}.Release|Any CPU.Build.0 = Release|Any CPU
		{19060433-C55F-42E1-A744-2C86EABB25D1}.Debug|Any CPU.ActiveCfg = Debug|Any CPU
		{19060433-C55F-42E1-A744-2C86EABB25D1}.Debug|Any CPU.Build.0 = Debug|Any CPU
		{19060433-C55F-42E1-A744-2C86EABB25D1}.Release|Any CPU.ActiveCfg = Release|Any CPU
		{19060433-C55F-42E1-A744-2C86EABB25D1}.Release|Any CPU.Build.0 = Release|Any CPU
	EndGlobalSection
	GlobalSection(SolutionProperties) = preSolution
		HideSolutionNode = FALSE
	EndGlobalSection
EndGlobal
